# This file is automatically @generated by Cargo.
# It is not intended for manual editing.
[[package]]
name = "bech32"
version = "0.6.0"
source = "registry+https://github.com/rust-lang/crates.io-index"

[[package]]
name = "bitcoin"
version = "0.18.0"
source = "registry+https://github.com/rust-lang/crates.io-index"
dependencies = [
 "bitcoin-bech32 0.9.0 (registry+https://github.com/rust-lang/crates.io-index)",
 "bitcoin_hashes 0.3.2 (registry+https://github.com/rust-lang/crates.io-index)",
 "byteorder 1.3.2 (registry+https://github.com/rust-lang/crates.io-index)",
 "hex 0.3.2 (registry+https://github.com/rust-lang/crates.io-index)",
 "rand 0.3.23 (registry+https://github.com/rust-lang/crates.io-index)",
 "secp256k1 0.12.2 (registry+https://github.com/rust-lang/crates.io-index)",
]

[[package]]
name = "bitcoin-bech32"
version = "0.9.0"
source = "registry+https://github.com/rust-lang/crates.io-index"
dependencies = [
 "bech32 0.6.0 (registry+https://github.com/rust-lang/crates.io-index)",
]

[[package]]
name = "bitcoin_hashes"
version = "0.3.2"
source = "registry+https://github.com/rust-lang/crates.io-index"
dependencies = [
 "byteorder 1.3.2 (registry+https://github.com/rust-lang/crates.io-index)",
]

[[package]]
name = "byteorder"
version = "1.3.2"
source = "registry+https://github.com/rust-lang/crates.io-index"

[[package]]
name = "cc"
version = "1.0.26"
source = "registry+https://github.com/rust-lang/crates.io-index"

[[package]]
name = "fuchsia-cprng"
version = "0.1.1"
source = "registry+https://github.com/rust-lang/crates.io-index"

[[package]]
name = "hex"
version = "0.3.2"
source = "registry+https://github.com/rust-lang/crates.io-index"

[[package]]
name = "libc"
version = "0.2.58"
source = "registry+https://github.com/rust-lang/crates.io-index"

[[package]]
name = "miniscript"
version = "0.5.7"
source = "registry+https://github.com/rust-lang/crates.io-index"
dependencies = [
 "bitcoin 0.18.0 (registry+https://github.com/rust-lang/crates.io-index)",
 "bitcoin_hashes 0.3.2 (registry+https://github.com/rust-lang/crates.io-index)",
 "secp256k1 0.12.2 (registry+https://github.com/rust-lang/crates.io-index)",
]

[[package]]
name = "rand"
version = "0.3.23"
source = "registry+https://github.com/rust-lang/crates.io-index"
dependencies = [
 "libc 0.2.58 (registry+https://github.com/rust-lang/crates.io-index)",
 "rand 0.4.6 (registry+https://github.com/rust-lang/crates.io-index)",
]

[[package]]
name = "rand"
version = "0.4.6"
source = "registry+https://github.com/rust-lang/crates.io-index"
dependencies = [
 "fuchsia-cprng 0.1.1 (registry+https://github.com/rust-lang/crates.io-index)",
 "libc 0.2.58 (registry+https://github.com/rust-lang/crates.io-index)",
 "rand_core 0.3.1 (registry+https://github.com/rust-lang/crates.io-index)",
 "rdrand 0.4.0 (registry+https://github.com/rust-lang/crates.io-index)",
 "winapi 0.3.7 (registry+https://github.com/rust-lang/crates.io-index)",
]

[[package]]
name = "rand_core"
version = "0.3.1"
source = "registry+https://github.com/rust-lang/crates.io-index"
dependencies = [
 "rand_core 0.4.0 (registry+https://github.com/rust-lang/crates.io-index)",
]

[[package]]
name = "rand_core"
version = "0.4.0"
source = "registry+https://github.com/rust-lang/crates.io-index"

[[package]]
name = "rdrand"
version = "0.4.0"
source = "registry+https://github.com/rust-lang/crates.io-index"
dependencies = [
 "rand_core 0.3.1 (registry+https://github.com/rust-lang/crates.io-index)",
]

[[package]]
name = "secp256k1"
version = "0.12.2"
source = "registry+https://github.com/rust-lang/crates.io-index"
dependencies = [
 "cc 1.0.26 (registry+https://github.com/rust-lang/crates.io-index)",
 "rand 0.4.6 (registry+https://github.com/rust-lang/crates.io-index)",
]

[[package]]
name = "test-rust"
version = "0.1.0"
dependencies = [
 "bitcoin 0.18.0 (registry+https://github.com/rust-lang/crates.io-index)",
 "miniscript 0.5.7 (registry+https://github.com/rust-lang/crates.io-index)",
 "secp256k1 0.12.2 (registry+https://github.com/rust-lang/crates.io-index)",
]

[[package]]
name = "winapi"
version = "0.3.7"
source = "registry+https://github.com/rust-lang/crates.io-index"
dependencies = [
 "winapi-i686-pc-windows-gnu 0.4.0 (registry+https://github.com/rust-lang/crates.io-index)",
 "winapi-x86_64-pc-windows-gnu 0.4.0 (registry+https://github.com/rust-lang/crates.io-index)",
]

[[package]]
name = "winapi-i686-pc-windows-gnu"
version = "0.4.0"
source = "registry+https://github.com/rust-lang/crates.io-index"

[[package]]
name = "winapi-x86_64-pc-windows-gnu"
version = "0.4.0"
source = "registry+https://github.com/rust-lang/crates.io-index"

[metadata]
"checksum bech32 0.6.0 (registry+https://github.com/rust-lang/crates.io-index)" = "58946044516aa9dc922182e0d6e9d124a31aafe6b421614654eb27cf90cec09c"
"checksum bitcoin 0.18.0 (registry+https://github.com/rust-lang/crates.io-index)" = "381b74ae6480c4da21dccdf6fdf7400250710fc891af8d82376cb5c03e5f6f1d"
"checksum bitcoin-bech32 0.9.0 (registry+https://github.com/rust-lang/crates.io-index)" = "4e67e8ccfc663811145e6cabdb9a2a6978877f72b048516e83eb95622e9b2554"
"checksum bitcoin_hashes 0.3.2 (registry+https://github.com/rust-lang/crates.io-index)" = "2b7a2e9773ee7ae7f2560f0426c938f57902dcb9e39321b0cbd608f47ed579a4"
"checksum byteorder 1.3.2 (registry+https://github.com/rust-lang/crates.io-index)" = "a7c3dd8985a7111efc5c80b44e23ecdd8c007de8ade3b96595387e812b957cf5"
"checksum cc 1.0.26 (registry+https://github.com/rust-lang/crates.io-index)" = "389803e36973d242e7fecb092b2de44a3d35ac62524b3b9339e51d577d668e02"
"checksum fuchsia-cprng 0.1.1 (registry+https://github.com/rust-lang/crates.io-index)" = "a06f77d526c1a601b7c4cdd98f54b5eaabffc14d5f2f0296febdc7f357c6d3ba"
"checksum hex 0.3.2 (registry+https://github.com/rust-lang/crates.io-index)" = "805026a5d0141ffc30abb3be3173848ad46a1b1664fe632428479619a3644d77"
"checksum libc 0.2.58 (registry+https://github.com/rust-lang/crates.io-index)" = "6281b86796ba5e4366000be6e9e18bf35580adf9e63fbe2294aadb587613a319"
"checksum miniscript 0.5.7 (registry+https://github.com/rust-lang/crates.io-index)" = "33f9c65689d81bebb4b2c925ff281ff806b16561b71927fd3b3c1e7615e8da8d"
"checksum rand 0.3.23 (registry+https://github.com/rust-lang/crates.io-index)" = "64ac302d8f83c0c1974bf758f6b041c6c8ada916fbb44a609158ca8b064cc76c"
"checksum rand 0.4.6 (registry+https://github.com/rust-lang/crates.io-index)" = "552840b97013b1a26992c11eac34bdd778e464601a4c2054b5f0bff7c6761293"
"checksum rand_core 0.3.1 (registry+https://github.com/rust-lang/crates.io-index)" = "7a6fdeb83b075e8266dcc8762c22776f6877a63111121f5f8c7411e5be7eed4b"
"checksum rand_core 0.4.0 (registry+https://github.com/rust-lang/crates.io-index)" = "d0e7a549d590831370895ab7ba4ea0c1b6b011d106b5ff2da6eee112615e6dc0"
"checksum rdrand 0.4.0 (registry+https://github.com/rust-lang/crates.io-index)" = "678054eb77286b51581ba43620cc911abf02758c91f93f479767aed0f90458b2"
"checksum secp256k1 0.12.2 (registry+https://github.com/rust-lang/crates.io-index)" = "bfaccd3a23619349e0878d9a241f34b1982343cdf67367058cd7d078d326b63e"
"checksum winapi 0.3.7 (registry+https://github.com/rust-lang/crates.io-index)" = "f10e386af2b13e47c89e7236a7a14a086791a2b88ebad6df9bf42040195cf770"
"checksum winapi-i686-pc-windows-gnu 0.4.0 (registry+https://github.com/rust-lang/crates.io-index)" = "ac3b87c63620426dd9b991e5ce0329eff545bccbbb34f3be09ff6fb6ab51b7b6"
"checksum winapi-x86_64-pc-windows-gnu 0.4.0 (registry+https://github.com/rust-lang/crates.io-index)" = "712e227841d057c1ee1cd2fb22fa7e5a5461ae8e48fa2ca79ec42cfc1931183f"
